
Microsoft Visual Studio Solution File, Format Version 12.00
# Visual Studio Version 16
VisualStudioVersion = 16.0.31729.503
MinimumVisualStudioVersion = 10.0.40219.1
Project("{9A19103F-16F7-4668-BE54-9A1E7A4F7556}") = "URLShortener", "URLShortener\URLShortener.csproj", "{70ACA7CD-6679-48F1-B9DC-1B415E4873E7}"
EndProject
Project("{9A19103F-16F7-4668-BE54-9A1E7A4F7556}") = "URLShortener.Entities", "URLShortener.Entities\URLShortener.Entities.csproj", "{7CB8D44D-F227-437B-AB5D-BF82764CF8C6}"
EndProject
Project("{9A19103F-16F7-4668-BE54-9A1E7A4F7556}") = "URLShortener.BLL", "URLShortenerBLL\URLShortener.BLL.csproj", "{6DEB672A-1917-44FE-9A74-FC06BDF29A16}"
EndProject
Project("{9A19103F-16F7-4668-BE54-9A1E7A4F7556}") = "URLShortener.BLL.Interface", "URLShortenerBLL.Interface\URLShortener.BLL.Interface.csproj", "{F297F332-0131-4543-84AA-5C50CA6A8440}"
EndProject
Project("{9A19103F-16F7-4668-BE54-9A1E7A4F7556}") = "URLShortener.DAL", "URLShortenerDAL\URLShortener.DAL.csproj", "{BEB69BB5-298C-4860-86AD-DEDC4AB5C576}"
EndProject
Project("{9A19103F-16F7-4668-BE54-9A1E7A4F7556}") = "URLShortener.DAL.Interface", "URLShortenerDAL.Interface\URLShortener.DAL.Interface.csproj", "{A3B48E07-1CFA-4BBC-B775-572D7B451A9D}"
EndProject
Global
	GlobalSection(SolutionConfigurationPlatforms) = preSolution
		Debug|Any CPU = Debug|Any CPU
		Release|Any CPU = Release|Any CPU
	EndGlobalSection
	GlobalSection(ProjectConfigurationPlatforms) = postSolution
		{70ACA7CD-6679-48F1-B9DC-1B415E4873E7}.Debug|Any CPU.ActiveCfg = Debug|Any CPU
		{70ACA7CD-6679-48F1-B9DC-1B415E4873E7}.Debug|Any CPU.Build.0 = Debug|Any CPU
		{70ACA7CD-6679-48F1-B9DC-1B415E4873E7}.Release|Any CPU.ActiveCfg = Release|Any CPU
		{70ACA7CD-6679-48F1-B9DC-1B415E4873E7}.Release|Any CPU.Build.0 = Release|Any CPU
		{7CB8D44D-F227-437B-AB5D-BF82764CF8C6}.Debug|Any CPU.ActiveCfg = Debug|Any CPU
		{7CB8D44D-F227-437B-AB5D-BF82764CF8C6}.Debug|Any CPU.Build.0 = Debug|Any CPU
		{7CB8D44D-F227-437B-AB5D-BF82764CF8C6}.Release|Any CPU.ActiveCfg = Release|Any CPU
		{7CB8D44D-F227-437B-AB5D-BF82764CF8C6}.Release|Any CPU.Build.0 = Release|Any CPU
		{6DEB672A-1917-44FE-9A74-FC06BDF29A16}.Debug|Any CPU.ActiveCfg = Debug|Any CPU
		{6DEB672A-1917-44FE-9A74-FC06BDF29A16}.Debug|Any CPU.Build.0 = Debug|Any CPU
		{6DEB672A-1917-44FE-9A74-FC06BDF29A16}.Release|Any CPU.ActiveCfg = Release|Any CPU
		{6DEB672A-1917-44FE-9A74-FC06BDF29A16}.Release|Any CPU.Build.0 = Release|Any CPU
		{F297F332-0131-4543-84AA-5C50CA6A8440}.Debug|Any CPU.ActiveCfg = Debug|Any CPU
		{F297F332-0131-4543-84AA-5C50CA6A8440}.Debug|Any CPU.Build.0 = Debug|Any CPU
		{F297F332-0131-4543-84AA-5C50CA6A8440}.Release|Any CPU.ActiveCfg = Release|Any CPU
		{F297F332-0131-4543-84AA-5C50CA6A8440}.Release|Any CPU.Build.0 = Release|Any CPU
		{BEB69BB5-298C-4860-86AD-DEDC4AB5C576}.Debug|Any CPU.ActiveCfg = Debug|Any CPU
		{BEB69BB5-298C-4860-86AD-DEDC4AB5C576}.Debug|Any CPU.Build.0 = Debug|Any CPU
		{BEB69BB5-298C-4860-86AD-DEDC4AB5C576}.Release|Any CPU.ActiveCfg = Release|Any CPU
		{BEB69BB5-298C-4860-86AD-DEDC4AB5C576}.Release|Any CPU.Build.0 = Release|Any CPU
		{A3B48E07-1CFA-4BBC-B775-572D7B451A9D}.Debug|Any CPU.ActiveCfg = Debug|Any CPU
		{A3B48E07-1CFA-4BBC-B775-572D7B451A9D}.Debug|Any CPU.Build.0 = Debug|Any CPU
		{A3B48E07-1CFA-4BBC-B775-572D7B451A9D}.Release|Any CPU.ActiveCfg = Release|Any CPU
		{A3B48E07-1CFA-4BBC-B775-572D7B451A9D}.Release|Any CPU.Build.0 = Release|Any CPU
	EndGlobalSection
	GlobalSection(SolutionProperties) = preSolution
		HideSolutionNode = FALSE
	EndGlobalSection
	GlobalSection(ExtensibilityGlobals) = postSolution
		SolutionGuid = {8316F1BE-5A5F-4D39-AF9F-FD86E3D717FF}
	EndGlobalSection
EndGlobal
